
Microsoft Visual Studio Solution File, Format Version 12.00
# Visual Studio Version 16
VisualStudioVersion = 16.0.31205.134
MinimumVisualStudioVersion = 10.0.40219.1
Project("{FAE04EC0-301F-11D3-BF4B-00C04F79EFBC}") = "WorkingDataTable", "WorkingDataTable\WorkingDataTable.csproj", "{CB2134A7-C33B-4A1E-8666-E8D23371B0D5}"
EndProject
Global
	GlobalSection(SolutionConfigurationPlatforms) = preSolution
		Debug|Any CPU = Debug|Any CPU
		Release|Any CPU = Release|Any CPU
	EndGlobalSection
	GlobalSection(ProjectConfigurationPlatforms) = postSolution
		{CB2134A7-C33B-4A1E-8666-E8D23371B0D5}.Debug|Any CPU.ActiveCfg = Debug|Any CPU
		{CB2134A7-C33B-4A1E-8666-E8D23371B0D5}.Debug|Any CPU.Build.0 = Debug|Any CPU
		{CB2134A7-C33B-4A1E-8666-E8D23371B0D5}.Release|Any CPU.ActiveCfg = Release|Any CPU
		{CB2134A7-C33B-4A1E-8666-E8D23371B0D5}.Release|Any CPU.Build.0 = Release|Any CPU
	EndGlobalSection
	GlobalSection(SolutionProperties) = preSolution
		HideSolutionNode = FALSE
	EndGlobalSection
	GlobalSection(ExtensibilityGlobals) = postSolution
		SolutionGuid = {A67D1295-DF99-409D-BE67-B31599AF71DA}
	EndGlobalSection
EndGlobal
