
Microsoft Visual Studio Solution File, Format Version 12.00
# Visual Studio Version 16
VisualStudioVersion = 16.0.31205.134
MinimumVisualStudioVersion = 10.0.40219.1
Project("{FAE04EC0-301F-11D3-BF4B-00C04F79EFBC}") = "DataViewExample", "DataViewExample\DataViewExample.csproj", "{F4B4EBCB-82D1-4ECF-BE07-80A8EF82E337}"
EndProject
Global
	GlobalSection(SolutionConfigurationPlatforms) = preSolution
		Debug|Any CPU = Debug|Any CPU
		Release|Any CPU = Release|Any CPU
	EndGlobalSection
	GlobalSection(ProjectConfigurationPlatforms) = postSolution
		{F4B4EBCB-82D1-4ECF-BE07-80A8EF82E337}.Debug|Any CPU.ActiveCfg = Debug|Any CPU
		{F4B4EBCB-82D1-4ECF-BE07-80A8EF82E337}.Debug|Any CPU.Build.0 = Debug|Any CPU
		{F4B4EBCB-82D1-4ECF-BE07-80A8EF82E337}.Release|Any CPU.ActiveCfg = Release|Any CPU
		{F4B4EBCB-82D1-4ECF-BE07-80A8EF82E337}.Release|Any CPU.Build.0 = Release|Any CPU
	EndGlobalSection
	GlobalSection(SolutionProperties) = preSolution
		HideSolutionNode = FALSE
	EndGlobalSection
	GlobalSection(ExtensibilityGlobals) = postSolution
		SolutionGuid = {8EE4CA17-EBD7-4CFA-A1B4-915990225935}
	EndGlobalSection
EndGlobal
