
Microsoft Visual Studio Solution File, Format Version 12.00
# Visual Studio Version 16
VisualStudioVersion = 16.0.31205.134
MinimumVisualStudioVersion = 10.0.40219.1
Project("{FAE04EC0-301F-11D3-BF4B-00C04F79EFBC}") = "DataAdapterProgram", "DataAdapterProgram\DataAdapterProgram.csproj", "{B371EF0F-A890-4EC0-A577-7E6A776410BB}"
EndProject
Global
	GlobalSection(SolutionConfigurationPlatforms) = preSolution
		Debug|Any CPU = Debug|Any CPU
		Release|Any CPU = Release|Any CPU
	EndGlobalSection
	GlobalSection(ProjectConfigurationPlatforms) = postSolution
		{B371EF0F-A890-4EC0-A577-7E6A776410BB}.Debug|Any CPU.ActiveCfg = Debug|Any CPU
		{B371EF0F-A890-4EC0-A577-7E6A776410BB}.Debug|Any CPU.Build.0 = Debug|Any CPU
		{B371EF0F-A890-4EC0-A577-7E6A776410BB}.Release|Any CPU.ActiveCfg = Release|Any CPU
		{B371EF0F-A890-4EC0-A577-7E6A776410BB}.Release|Any CPU.Build.0 = Release|Any CPU
	EndGlobalSection
	GlobalSection(SolutionProperties) = preSolution
		HideSolutionNode = FALSE
	EndGlobalSection
	GlobalSection(ExtensibilityGlobals) = postSolution
		SolutionGuid = {0A09453E-EB25-4A20-A6AA-F62BAD6F33E5}
	EndGlobalSection
EndGlobal
