
Microsoft Visual Studio Solution File, Format Version 12.00
# Visual Studio Version 16
VisualStudioVersion = 16.0.31205.134
MinimumVisualStudioVersion = 10.0.40219.1
Project("{FAE04EC0-301F-11D3-BF4B-00C04F79EFBC}") = "DataAdapterWizard", "DataAdapterWizard\DataAdapterWizard.csproj", "{258CEBC5-554E-48F2-BD62-3577224CE867}"
EndProject
Global
	GlobalSection(SolutionConfigurationPlatforms) = preSolution
		Debug|Any CPU = Debug|Any CPU
		Release|Any CPU = Release|Any CPU
	EndGlobalSection
	GlobalSection(ProjectConfigurationPlatforms) = postSolution
		{258CEBC5-554E-48F2-BD62-3577224CE867}.Debug|Any CPU.ActiveCfg = Debug|Any CPU
		{258CEBC5-554E-48F2-BD62-3577224CE867}.Debug|Any CPU.Build.0 = Debug|Any CPU
		{258CEBC5-554E-48F2-BD62-3577224CE867}.Release|Any CPU.ActiveCfg = Release|Any CPU
		{258CEBC5-554E-48F2-BD62-3577224CE867}.Release|Any CPU.Build.0 = Release|Any CPU
	EndGlobalSection
	GlobalSection(SolutionProperties) = preSolution
		HideSolutionNode = FALSE
	EndGlobalSection
	GlobalSection(ExtensibilityGlobals) = postSolution
		SolutionGuid = {E5F67058-9A75-4F79-B668-087FADA6B012}
	EndGlobalSection
EndGlobal
