
Microsoft Visual Studio Solution File, Format Version 12.00
# Visual Studio Version 16
VisualStudioVersion = 16.0.31205.134
MinimumVisualStudioVersion = 10.0.40219.1
Project("{FAE04EC0-301F-11D3-BF4B-00C04F79EFBC}") = "DSConnect", "DSConnect\DSConnect.csproj", "{49F33EE8-F155-46A6-8949-D1A84251D686}"
EndProject
Global
	GlobalSection(SolutionConfigurationPlatforms) = preSolution
		Debug|Any CPU = Debug|Any CPU
		Release|Any CPU = Release|Any CPU
	EndGlobalSection
	GlobalSection(ProjectConfigurationPlatforms) = postSolution
		{49F33EE8-F155-46A6-8949-D1A84251D686}.Debug|Any CPU.ActiveCfg = Debug|Any CPU
		{49F33EE8-F155-46A6-8949-D1A84251D686}.Debug|Any CPU.Build.0 = Debug|Any CPU
		{49F33EE8-F155-46A6-8949-D1A84251D686}.Release|Any CPU.ActiveCfg = Release|Any CPU
		{49F33EE8-F155-46A6-8949-D1A84251D686}.Release|Any CPU.Build.0 = Release|Any CPU
	EndGlobalSection
	GlobalSection(SolutionProperties) = preSolution
		HideSolutionNode = FALSE
	EndGlobalSection
	GlobalSection(ExtensibilityGlobals) = postSolution
		SolutionGuid = {417B0747-E3F3-427C-8016-16CFD43A238A}
	EndGlobalSection
EndGlobal
